
Microsoft Visual Studio Solution File, Format Version 12.00
# Visual Studio Version 17
VisualStudioVersion = 17.2.32505.173
MinimumVisualStudioVersion = 10.0.40219.1
Project("{9A19103F-16F7-4668-BE54-9A1E7A4F7556}") = "hw-collections", "hw-collections.csproj", "{74A6C320-6EDB-4CC6-A893-6FA8250681CE}"
EndProject
Global
	GlobalSection(SolutionConfigurationPlatforms) = preSolution
		Debug|Any CPU = Debug|Any CPU
		Release|Any CPU = Release|Any CPU
	EndGlobalSection
	GlobalSection(ProjectConfigurationPlatforms) = postSolution
		{74A6C320-6EDB-4CC6-A893-6FA8250681CE}.Debug|Any CPU.ActiveCfg = Debug|Any CPU
		{74A6C320-6EDB-4CC6-A893-6FA8250681CE}.Debug|Any CPU.Build.0 = Debug|Any CPU
		{74A6C320-6EDB-4CC6-A893-6FA8250681CE}.Release|Any CPU.ActiveCfg = Release|Any CPU
		{74A6C320-6EDB-4CC6-A893-6FA8250681CE}.Release|Any CPU.Build.0 = Release|Any CPU
	EndGlobalSection
	GlobalSection(SolutionProperties) = preSolution
		HideSolutionNode = FALSE
	EndGlobalSection
	GlobalSection(ExtensibilityGlobals) = postSolution
		SolutionGuid = {89CD9DC2-2E08-42E5-9800-59166278FBE5}
	EndGlobalSection
EndGlobal
