
Microsoft Visual Studio Solution File, Format Version 12.00
# Visual Studio Version 16
VisualStudioVersion = 16.0.30114.105
MinimumVisualStudioVersion = 10.0.40219.1
Project("{FAE04EC0-301F-11D3-BF4B-00C04F79EFBC}") = "array_and_list", "array_and_list\array_and_list.csproj", "{3872503B-629F-401E-B262-622D4A88FDBC}"
EndProject
Project("{FAE04EC0-301F-11D3-BF4B-00C04F79EFBC}") = "tables", "tables\tables.csproj", "{F687806E-0E85-4D5B-AAB5-09EA98E6E9E0}"
EndProject
Project("{FAE04EC0-301F-11D3-BF4B-00C04F79EFBC}") = "exceptions", "exceptions\exceptions.csproj", "{A70971CA-6A4B-43D2-8E84-60BF51A48CAF}"
EndProject
Project("{FAE04EC0-301F-11D3-BF4B-00C04F79EFBC}") = "stack", "stack\stack.csproj", "{F730FF2C-71B2-49BF-818A-3572064DC10E}"
EndProject
Global
	GlobalSection(SolutionProperties) = preSolution
		HideSolutionNode = FALSE
	EndGlobalSection
	GlobalSection(SolutionConfigurationPlatforms) = preSolution
		Debug|Any CPU = Debug|Any CPU
		Debug|x64 = Debug|x64
		Debug|x86 = Debug|x86
		Release|Any CPU = Release|Any CPU
		Release|x64 = Release|x64
		Release|x86 = Release|x86
	EndGlobalSection
	GlobalSection(ProjectConfigurationPlatforms) = postSolution
		{3872503B-629F-401E-B262-622D4A88FDBC}.Debug|Any CPU.ActiveCfg = Debug|Any CPU
		{3872503B-629F-401E-B262-622D4A88FDBC}.Debug|Any CPU.Build.0 = Debug|Any CPU
		{3872503B-629F-401E-B262-622D4A88FDBC}.Debug|x64.ActiveCfg = Debug|Any CPU
		{3872503B-629F-401E-B262-622D4A88FDBC}.Debug|x64.Build.0 = Debug|Any CPU
		{3872503B-629F-401E-B262-622D4A88FDBC}.Debug|x86.ActiveCfg = Debug|Any CPU
		{3872503B-629F-401E-B262-622D4A88FDBC}.Debug|x86.Build.0 = Debug|Any CPU
		{3872503B-629F-401E-B262-622D4A88FDBC}.Release|Any CPU.ActiveCfg = Release|Any CPU
		{3872503B-629F-401E-B262-622D4A88FDBC}.Release|Any CPU.Build.0 = Release|Any CPU
		{3872503B-629F-401E-B262-622D4A88FDBC}.Release|x64.ActiveCfg = Release|Any CPU
		{3872503B-629F-401E-B262-622D4A88FDBC}.Release|x64.Build.0 = Release|Any CPU
		{3872503B-629F-401E-B262-622D4A88FDBC}.Release|x86.ActiveCfg = Release|Any CPU
		{3872503B-629F-401E-B262-622D4A88FDBC}.Release|x86.Build.0 = Release|Any CPU
		{F687806E-0E85-4D5B-AAB5-09EA98E6E9E0}.Debug|Any CPU.ActiveCfg = Debug|Any CPU
		{F687806E-0E85-4D5B-AAB5-09EA98E6E9E0}.Debug|Any CPU.Build.0 = Debug|Any CPU
		{F687806E-0E85-4D5B-AAB5-09EA98E6E9E0}.Debug|x64.ActiveCfg = Debug|Any CPU
		{F687806E-0E85-4D5B-AAB5-09EA98E6E9E0}.Debug|x64.Build.0 = Debug|Any CPU
		{F687806E-0E85-4D5B-AAB5-09EA98E6E9E0}.Debug|x86.ActiveCfg = Debug|Any CPU
		{F687806E-0E85-4D5B-AAB5-09EA98E6E9E0}.Debug|x86.Build.0 = Debug|Any CPU
		{F687806E-0E85-4D5B-AAB5-09EA98E6E9E0}.Release|Any CPU.ActiveCfg = Release|Any CPU
		{F687806E-0E85-4D5B-AAB5-09EA98E6E9E0}.Release|Any CPU.Build.0 = Release|Any CPU
		{F687806E-0E85-4D5B-AAB5-09EA98E6E9E0}.Release|x64.ActiveCfg = Release|Any CPU
		{F687806E-0E85-4D5B-AAB5-09EA98E6E9E0}.Release|x64.Build.0 = Release|Any CPU
		{F687806E-0E85-4D5B-AAB5-09EA98E6E9E0}.Release|x86.ActiveCfg = Release|Any CPU
		{F687806E-0E85-4D5B-AAB5-09EA98E6E9E0}.Release|x86.Build.0 = Release|Any CPU
		{A70971CA-6A4B-43D2-8E84-60BF51A48CAF}.Debug|Any CPU.ActiveCfg = Debug|Any CPU
		{A70971CA-6A4B-43D2-8E84-60BF51A48CAF}.Debug|Any CPU.Build.0 = Debug|Any CPU
		{A70971CA-6A4B-43D2-8E84-60BF51A48CAF}.Debug|x64.ActiveCfg = Debug|Any CPU
		{A70971CA-6A4B-43D2-8E84-60BF51A48CAF}.Debug|x64.Build.0 = Debug|Any CPU
		{A70971CA-6A4B-43D2-8E84-60BF51A48CAF}.Debug|x86.ActiveCfg = Debug|Any CPU
		{A70971CA-6A4B-43D2-8E84-60BF51A48CAF}.Debug|x86.Build.0 = Debug|Any CPU
		{A70971CA-6A4B-43D2-8E84-60BF51A48CAF}.Release|Any CPU.ActiveCfg = Release|Any CPU
		{A70971CA-6A4B-43D2-8E84-60BF51A48CAF}.Release|Any CPU.Build.0 = Release|Any CPU
		{A70971CA-6A4B-43D2-8E84-60BF51A48CAF}.Release|x64.ActiveCfg = Release|Any CPU
		{A70971CA-6A4B-43D2-8E84-60BF51A48CAF}.Release|x64.Build.0 = Release|Any CPU
		{A70971CA-6A4B-43D2-8E84-60BF51A48CAF}.Release|x86.ActiveCfg = Release|Any CPU
		{A70971CA-6A4B-43D2-8E84-60BF51A48CAF}.Release|x86.Build.0 = Release|Any CPU
		{F730FF2C-71B2-49BF-818A-3572064DC10E}.Debug|Any CPU.ActiveCfg = Debug|Any CPU
		{F730FF2C-71B2-49BF-818A-3572064DC10E}.Debug|Any CPU.Build.0 = Debug|Any CPU
		{F730FF2C-71B2-49BF-818A-3572064DC10E}.Debug|x64.ActiveCfg = Debug|Any CPU
		{F730FF2C-71B2-49BF-818A-3572064DC10E}.Debug|x64.Build.0 = Debug|Any CPU
		{F730FF2C-71B2-49BF-818A-3572064DC10E}.Debug|x86.ActiveCfg = Debug|Any CPU
		{F730FF2C-71B2-49BF-818A-3572064DC10E}.Debug|x86.Build.0 = Debug|Any CPU
		{F730FF2C-71B2-49BF-818A-3572064DC10E}.Release|Any CPU.ActiveCfg = Release|Any CPU
		{F730FF2C-71B2-49BF-818A-3572064DC10E}.Release|Any CPU.Build.0 = Release|Any CPU
		{F730FF2C-71B2-49BF-818A-3572064DC10E}.Release|x64.ActiveCfg = Release|Any CPU
		{F730FF2C-71B2-49BF-818A-3572064DC10E}.Release|x64.Build.0 = Release|Any CPU
		{F730FF2C-71B2-49BF-818A-3572064DC10E}.Release|x86.ActiveCfg = Release|Any CPU
		{F730FF2C-71B2-49BF-818A-3572064DC10E}.Release|x86.Build.0 = Release|Any CPU
	EndGlobalSection
EndGlobal
